
Microsoft Visual Studio Solution File, Format Version 12.00
# Visual Studio 14
VisualStudioVersion = 14.0.23107.0
MinimumVisualStudioVersion = 10.0.40219.1
Project("{2150E333-8FDC-42A3-9474-1A3956D46DE8}") = "src", "src", "{39EC72C1-77BF-4D16-A706-544C33AD1FFF}"
EndProject
Project("{2150E333-8FDC-42A3-9474-1A3956D46DE8}") = "Solution Items", "Solution Items", "{F2963AD7-C1E9-4D08-AF54-A8482EAA107D}"
	ProjectSection(SolutionItems) = preProject
		global.json = global.json
	EndProjectSection
EndProject
Project("{8BB2217D-0F2D-49D1-97BC-3654ED321F3B}") = "Bifrost", "src\Bifrost\Bifrost.xproj", "{2AE44764-98CE-461A-9DEB-454F770BB42F}"
EndProject
Global
	GlobalSection(SolutionConfigurationPlatforms) = preSolution
		Debug|Any CPU = Debug|Any CPU
		Release|Any CPU = Release|Any CPU
	EndGlobalSection
	GlobalSection(ProjectConfigurationPlatforms) = postSolution
		{2AE44764-98CE-461A-9DEB-454F770BB42F}.Debug|Any CPU.ActiveCfg = Debug|Any CPU
		{2AE44764-98CE-461A-9DEB-454F770BB42F}.Debug|Any CPU.Build.0 = Debug|Any CPU
		{2AE44764-98CE-461A-9DEB-454F770BB42F}.Release|Any CPU.ActiveCfg = Release|Any CPU
		{2AE44764-98CE-461A-9DEB-454F770BB42F}.Release|Any CPU.Build.0 = Release|Any CPU
	EndGlobalSection
	GlobalSection(SolutionProperties) = preSolution
		HideSolutionNode = FALSE
	EndGlobalSection
	GlobalSection(NestedProjects) = preSolution
		{2AE44764-98CE-461A-9DEB-454F770BB42F} = {39EC72C1-77BF-4D16-A706-544C33AD1FFF}
	EndGlobalSection
EndGlobal
